
Microsoft Visual Studio Solution File, Format Version 12.00
# Visual Studio Version 17
VisualStudioVersion = 17.14.36414.22 d17.14
MinimumVisualStudioVersion = 10.0.40219.1
Project("{F2A71F9B-5D33-465A-A702-920D77279786}") = "GOTG", "GOTG\GOTG.fsproj", "{77C1678A-912A-4313-ADDE-1A9A63D59487}"
EndProject
Global
	GlobalSection(SolutionConfigurationPlatforms) = preSolution
		Debug|Any CPU = Debug|Any CPU
		Release|Any CPU = Release|Any CPU
	EndGlobalSection
	GlobalSection(ProjectConfigurationPlatforms) = postSolution
		{77C1678A-912A-4313-ADDE-1A9A63D59487}.Debug|Any CPU.ActiveCfg = Debug|Any CPU
		{77C1678A-912A-4313-ADDE-1A9A63D59487}.Debug|Any CPU.Build.0 = Debug|Any CPU
		{77C1678A-912A-4313-ADDE-1A9A63D59487}.Release|Any CPU.ActiveCfg = Release|Any CPU
		{77C1678A-912A-4313-ADDE-1A9A63D59487}.Release|Any CPU.Build.0 = Release|Any CPU
	EndGlobalSection
	GlobalSection(SolutionProperties) = preSolution
		HideSolutionNode = FALSE
	EndGlobalSection
	GlobalSection(ExtensibilityGlobals) = postSolution
		SolutionGuid = {3A2A7D93-FA6E-4728-8478-27872745D67A}
	EndGlobalSection
EndGlobal
